
Microsoft Visual Studio Solution File, Format Version 12.00
# Visual Studio 2012
Project("{FAE04EC0-301F-11D3-BF4B-00C04F79EFBC}") = "Logic", "Logic\Logic.csproj", "{9172F3BF-4B66-44BB-BE94-5BE636CE908D}"
EndProject
Project("{FAE04EC0-301F-11D3-BF4B-00C04F79EFBC}") = "Data", "Data\Data.csproj", "{EF8615ED-759B-40E3-A9C5-884CD00CB83A}"
EndProject
Project("{FAE04EC0-301F-11D3-BF4B-00C04F79EFBC}") = "Presentation", "Presentation\Presentation.csproj", "{74531DA8-9487-4C92-B75F-400B56705A3D}"
EndProject
Project("{6141683F-8A12-4E36-9623-2EB02B2C2303}") = "Setup", "Setup\Setup.isproj", "{BAD060CC-2002-44E5-BFFE-A541FC91D8AD}"
	ProjectSection(ProjectDependencies) = postProject
		{74531DA8-9487-4C92-B75F-400B56705A3D} = {74531DA8-9487-4C92-B75F-400B56705A3D}
	EndProjectSection
EndProject
Global
	GlobalSection(SolutionConfigurationPlatforms) = preSolution
		CD_ROM|Any CPU = CD_ROM|Any CPU
		CD_ROM|x86 = CD_ROM|x86
		Debug|Any CPU = Debug|Any CPU
		Debug|x86 = Debug|x86
		DVD-5|Any CPU = DVD-5|Any CPU
		DVD-5|x86 = DVD-5|x86
		Release|Any CPU = Release|Any CPU
		Release|x86 = Release|x86
		SingleImage|Any CPU = SingleImage|Any CPU
		SingleImage|x86 = SingleImage|x86
	EndGlobalSection
	GlobalSection(ProjectConfigurationPlatforms) = postSolution
		{9172F3BF-4B66-44BB-BE94-5BE636CE908D}.CD_ROM|Any CPU.ActiveCfg = Release|Any CPU
		{9172F3BF-4B66-44BB-BE94-5BE636CE908D}.CD_ROM|Any CPU.Build.0 = Release|Any CPU
		{9172F3BF-4B66-44BB-BE94-5BE636CE908D}.CD_ROM|x86.ActiveCfg = Release|x86
		{9172F3BF-4B66-44BB-BE94-5BE636CE908D}.CD_ROM|x86.Build.0 = Release|x86
		{9172F3BF-4B66-44BB-BE94-5BE636CE908D}.Debug|Any CPU.ActiveCfg = Debug|Any CPU
		{9172F3BF-4B66-44BB-BE94-5BE636CE908D}.Debug|Any CPU.Build.0 = Debug|Any CPU
		{9172F3BF-4B66-44BB-BE94-5BE636CE908D}.Debug|x86.ActiveCfg = Debug|x86
		{9172F3BF-4B66-44BB-BE94-5BE636CE908D}.Debug|x86.Build.0 = Debug|x86
		{9172F3BF-4B66-44BB-BE94-5BE636CE908D}.DVD-5|Any CPU.ActiveCfg = Debug|Any CPU
		{9172F3BF-4B66-44BB-BE94-5BE636CE908D}.DVD-5|Any CPU.Build.0 = Debug|Any CPU
		{9172F3BF-4B66-44BB-BE94-5BE636CE908D}.DVD-5|x86.ActiveCfg = Debug|x86
		{9172F3BF-4B66-44BB-BE94-5BE636CE908D}.DVD-5|x86.Build.0 = Debug|x86
		{9172F3BF-4B66-44BB-BE94-5BE636CE908D}.Release|Any CPU.ActiveCfg = Release|Any CPU
		{9172F3BF-4B66-44BB-BE94-5BE636CE908D}.Release|Any CPU.Build.0 = Release|Any CPU
		{9172F3BF-4B66-44BB-BE94-5BE636CE908D}.Release|x86.ActiveCfg = Release|x86
		{9172F3BF-4B66-44BB-BE94-5BE636CE908D}.Release|x86.Build.0 = Release|x86
		{9172F3BF-4B66-44BB-BE94-5BE636CE908D}.SingleImage|Any CPU.ActiveCfg = Release|Any CPU
		{9172F3BF-4B66-44BB-BE94-5BE636CE908D}.SingleImage|Any CPU.Build.0 = Release|Any CPU
		{9172F3BF-4B66-44BB-BE94-5BE636CE908D}.SingleImage|x86.ActiveCfg = Release|x86
		{9172F3BF-4B66-44BB-BE94-5BE636CE908D}.SingleImage|x86.Build.0 = Release|x86
		{EF8615ED-759B-40E3-A9C5-884CD00CB83A}.CD_ROM|Any CPU.ActiveCfg = Release|Any CPU
		{EF8615ED-759B-40E3-A9C5-884CD00CB83A}.CD_ROM|Any CPU.Build.0 = Release|Any CPU
		{EF8615ED-759B-40E3-A9C5-884CD00CB83A}.CD_ROM|x86.ActiveCfg = Release|x86
		{EF8615ED-759B-40E3-A9C5-884CD00CB83A}.CD_ROM|x86.Build.0 = Release|x86
		{EF8615ED-759B-40E3-A9C5-884CD00CB83A}.Debug|Any CPU.ActiveCfg = Debug|Any CPU
		{EF8615ED-759B-40E3-A9C5-884CD00CB83A}.Debug|Any CPU.Build.0 = Debug|Any CPU
		{EF8615ED-759B-40E3-A9C5-884CD00CB83A}.Debug|x86.ActiveCfg = Debug|x86
		{EF8615ED-759B-40E3-A9C5-884CD00CB83A}.Debug|x86.Build.0 = Debug|x86
		{EF8615ED-759B-40E3-A9C5-884CD00CB83A}.DVD-5|Any CPU.ActiveCfg = Debug|Any CPU
		{EF8615ED-759B-40E3-A9C5-884CD00CB83A}.DVD-5|Any CPU.Build.0 = Debug|Any CPU
		{EF8615ED-759B-40E3-A9C5-884CD00CB83A}.DVD-5|x86.ActiveCfg = Debug|x86
		{EF8615ED-759B-40E3-A9C5-884CD00CB83A}.DVD-5|x86.Build.0 = Debug|x86
		{EF8615ED-759B-40E3-A9C5-884CD00CB83A}.Release|Any CPU.ActiveCfg = Release|Any CPU
		{EF8615ED-759B-40E3-A9C5-884CD00CB83A}.Release|Any CPU.Build.0 = Release|Any CPU
		{EF8615ED-759B-40E3-A9C5-884CD00CB83A}.Release|x86.ActiveCfg = Release|x86
		{EF8615ED-759B-40E3-A9C5-884CD00CB83A}.Release|x86.Build.0 = Release|x86
		{EF8615ED-759B-40E3-A9C5-884CD00CB83A}.SingleImage|Any CPU.ActiveCfg = Release|Any CPU
		{EF8615ED-759B-40E3-A9C5-884CD00CB83A}.SingleImage|Any CPU.Build.0 = Release|Any CPU
		{EF8615ED-759B-40E3-A9C5-884CD00CB83A}.SingleImage|x86.ActiveCfg = Release|x86
		{EF8615ED-759B-40E3-A9C5-884CD00CB83A}.SingleImage|x86.Build.0 = Release|x86
		{74531DA8-9487-4C92-B75F-400B56705A3D}.CD_ROM|Any CPU.ActiveCfg = Release|Any CPU
		{74531DA8-9487-4C92-B75F-400B56705A3D}.CD_ROM|Any CPU.Build.0 = Release|Any CPU
		{74531DA8-9487-4C92-B75F-400B56705A3D}.CD_ROM|x86.ActiveCfg = Release|x86
		{74531DA8-9487-4C92-B75F-400B56705A3D}.CD_ROM|x86.Build.0 = Release|x86
		{74531DA8-9487-4C92-B75F-400B56705A3D}.Debug|Any CPU.ActiveCfg = Debug|Any CPU
		{74531DA8-9487-4C92-B75F-400B56705A3D}.Debug|Any CPU.Build.0 = Debug|Any CPU
		{74531DA8-9487-4C92-B75F-400B56705A3D}.Debug|x86.ActiveCfg = Debug|x86
		{74531DA8-9487-4C92-B75F-400B56705A3D}.Debug|x86.Build.0 = Debug|x86
		{74531DA8-9487-4C92-B75F-400B56705A3D}.DVD-5|Any CPU.ActiveCfg = Debug|Any CPU
		{74531DA8-9487-4C92-B75F-400B56705A3D}.DVD-5|Any CPU.Build.0 = Debug|Any CPU
		{74531DA8-9487-4C92-B75F-400B56705A3D}.DVD-5|x86.ActiveCfg = Debug|x86
		{74531DA8-9487-4C92-B75F-400B56705A3D}.DVD-5|x86.Build.0 = Debug|x86
		{74531DA8-9487-4C92-B75F-400B56705A3D}.Release|Any CPU.ActiveCfg = Release|Any CPU
		{74531DA8-9487-4C92-B75F-400B56705A3D}.Release|Any CPU.Build.0 = Release|Any CPU
		{74531DA8-9487-4C92-B75F-400B56705A3D}.Release|x86.ActiveCfg = Release|x86
		{74531DA8-9487-4C92-B75F-400B56705A3D}.Release|x86.Build.0 = Release|x86
		{74531DA8-9487-4C92-B75F-400B56705A3D}.SingleImage|Any CPU.ActiveCfg = Release|Any CPU
		{74531DA8-9487-4C92-B75F-400B56705A3D}.SingleImage|Any CPU.Build.0 = Release|Any CPU
		{74531DA8-9487-4C92-B75F-400B56705A3D}.SingleImage|x86.ActiveCfg = Release|x86
		{74531DA8-9487-4C92-B75F-400B56705A3D}.SingleImage|x86.Build.0 = Release|x86
		{BAD060CC-2002-44E5-BFFE-A541FC91D8AD}.CD_ROM|Any CPU.ActiveCfg = CD_ROM
		{BAD060CC-2002-44E5-BFFE-A541FC91D8AD}.CD_ROM|Any CPU.Build.0 = CD_ROM
		{BAD060CC-2002-44E5-BFFE-A541FC91D8AD}.CD_ROM|x86.ActiveCfg = CD_ROM
		{BAD060CC-2002-44E5-BFFE-A541FC91D8AD}.CD_ROM|x86.Build.0 = CD_ROM
		{BAD060CC-2002-44E5-BFFE-A541FC91D8AD}.Debug|Any CPU.ActiveCfg = DVD-5
		{BAD060CC-2002-44E5-BFFE-A541FC91D8AD}.Debug|Any CPU.Build.0 = DVD-5
		{BAD060CC-2002-44E5-BFFE-A541FC91D8AD}.Debug|x86.ActiveCfg = DVD-5
		{BAD060CC-2002-44E5-BFFE-A541FC91D8AD}.Debug|x86.Build.0 = DVD-5
		{BAD060CC-2002-44E5-BFFE-A541FC91D8AD}.DVD-5|Any CPU.ActiveCfg = DVD-5
		{BAD060CC-2002-44E5-BFFE-A541FC91D8AD}.DVD-5|Any CPU.Build.0 = DVD-5
		{BAD060CC-2002-44E5-BFFE-A541FC91D8AD}.DVD-5|x86.ActiveCfg = DVD-5
		{BAD060CC-2002-44E5-BFFE-A541FC91D8AD}.DVD-5|x86.Build.0 = DVD-5
		{BAD060CC-2002-44E5-BFFE-A541FC91D8AD}.Release|Any CPU.ActiveCfg = SingleImage
		{BAD060CC-2002-44E5-BFFE-A541FC91D8AD}.Release|Any CPU.Build.0 = SingleImage
		{BAD060CC-2002-44E5-BFFE-A541FC91D8AD}.Release|x86.ActiveCfg = SingleImage
		{BAD060CC-2002-44E5-BFFE-A541FC91D8AD}.Release|x86.Build.0 = SingleImage
		{BAD060CC-2002-44E5-BFFE-A541FC91D8AD}.SingleImage|Any CPU.ActiveCfg = SingleImage
		{BAD060CC-2002-44E5-BFFE-A541FC91D8AD}.SingleImage|Any CPU.Build.0 = SingleImage
		{BAD060CC-2002-44E5-BFFE-A541FC91D8AD}.SingleImage|x86.ActiveCfg = SingleImage
		{BAD060CC-2002-44E5-BFFE-A541FC91D8AD}.SingleImage|x86.Build.0 = SingleImage
	EndGlobalSection
	GlobalSection(SolutionProperties) = preSolution
		HideSolutionNode = FALSE
	EndGlobalSection
EndGlobal
